// !$*UTF8*$!
{
	archiveVersion = 1;
	classes = {
	};
	objectVersion = 55;
	objects = {

/* Begin PBXBuildFile section */
		74A0E3DF28CFAD7C0074911F /* AppDelegate.swift in Sources */ = {isa = PBXBuildFile; fileRef = 74A0E3DE28CFAD7C0074911F /* AppDelegate.swift */; };
		74A0E3E128CFAD7C0074911F /* SceneDelegate.swift in Sources */ = {isa = PBXBuildFile; fileRef = 74A0E3E028CFAD7C0074911F /* SceneDelegate.swift */; };
		74A0E3E328CFAD7C0074911F /* ViewController.swift in Sources */ = {isa = PBXBuildFile; fileRef = 74A0E3E228CFAD7C0074911F /* ViewController.swift */; };
		74A0E3E828CFAD7E0074911F /* Assets.xcassets in Resources */ = {isa = PBXBuildFile; fileRef = 74A0E3E728CFAD7E0074911F /* Assets.xcassets */; };
		74A0E3EB28CFAD7E0074911F /* LaunchScreen.storyboard in Resources */ = {isa = PBXBuildFile; fileRef = 74A0E3E928CFAD7E0074911F /* LaunchScreen.storyboard */; };
		74A0E3FC28CFAE920074911F /* WaterfallTrueCompositionalLayout in Frameworks */ = {isa = PBXBuildFile; productRef = 74A0E3FB28CFAE920074911F /* WaterfallTrueCompositionalLayout */; };
		74A0E40028D8A1480074911F /* ViewModel.swift in Sources */ = {isa = PBXBuildFile; fileRef = 74A0E3FF28D8A1480074911F /* ViewModel.swift */; };
		74A0E40228D8A1D60074911F /* ItemModel.swift in Sources */ = {isa = PBXBuildFile; fileRef = 74A0E40128D8A1D60074911F /* ItemModel.swift */; };
		74A0E40428D8A28D0074911F /* CollectionViewCell.swift in Sources */ = {isa = PBXBuildFile; fileRef = 74A0E40328D8A28D0074911F /* CollectionViewCell.swift */; };
		74A0E40728D8A6BF0074911F /* UIMenu+Picker.swift in Sources */ = {isa = PBXBuildFile; fileRef = 74A0E40628D8A6BF0074911F /* UIMenu+Picker.swift */; };
/* End PBXBuildFile section */

/* Begin PBXFileReference section */
		74A0E3DB28CFAD7C0074911F /* WaterfallTrueCompositionalLayoutDemo.app */ = {isa = PBXFileReference; explicitFileType = wrapper.application; includeInIndex = 0; path = WaterfallTrueCompositionalLayoutDemo.app; sourceTree = BUILT_PRODUCTS_DIR; };
		74A0E3DE28CFAD7C0074911F /* AppDelegate.swift */ = {isa = PBXFileReference; lastKnownFileType = sourcecode.swift; path = AppDelegate.swift; sourceTree = "<group>"; };
		74A0E3E028CFAD7C0074911F /* SceneDelegate.swift */ = {isa = PBXFileReference; lastKnownFileType = sourcecode.swift; path = SceneDelegate.swift; sourceTree = "<group>"; };
		74A0E3E228CFAD7C0074911F /* ViewController.swift */ = {isa = PBXFileReference; lastKnownFileType = sourcecode.swift; path = ViewController.swift; sourceTree = "<group>"; };
		74A0E3E728CFAD7E0074911F /* Assets.xcassets */ = {isa = PBXFileReference; lastKnownFileType = folder.assetcatalog; path = Assets.xcassets; sourceTree = "<group>"; };
		74A0E3EA28CFAD7E0074911F /* Base */ = {isa = PBXFileReference; lastKnownFileType = file.storyboard; name = Base; path = Base.lproj/LaunchScreen.storyboard; sourceTree = "<group>"; };
		74A0E3EC28CFAD7E0074911F /* Info.plist */ = {isa = PBXFileReference; lastKnownFileType = text.plist.xml; path = Info.plist; sourceTree = "<group>"; };
		74A0E3F928CFAE6D0074911F /* WaterfallTrueCompositionalLayout */ = {isa = PBXFileReference; lastKnownFileType = folder; name = WaterfallTrueCompositionalLayout; path = ..; sourceTree = "<group>"; };
		74A0E3FF28D8A1480074911F /* ViewModel.swift */ = {isa = PBXFileReference; lastKnownFileType = sourcecode.swift; path = ViewModel.swift; sourceTree = "<group>"; };
		74A0E40128D8A1D60074911F /* ItemModel.swift */ = {isa = PBXFileReference; lastKnownFileType = sourcecode.swift; path = ItemModel.swift; sourceTree = "<group>"; };
		74A0E40328D8A28D0074911F /* CollectionViewCell.swift */ = {isa = PBXFileReference; lastKnownFileType = sourcecode.swift; path = CollectionViewCell.swift; sourceTree = "<group>"; };
		74A0E40628D8A6BF0074911F /* UIMenu+Picker.swift */ = {isa = PBXFileReference; lastKnownFileType = sourcecode.swift; path = "UIMenu+Picker.swift"; sourceTree = "<group>"; };
/* End PBXFileReference section */

/* Begin PBXFrameworksBuildPhase section */
		74A0E3D828CFAD7C0074911F /* Frameworks */ = {
			isa = PBXFrameworksBuildPhase;
			buildActionMask = 2147483647;
			files = (
				74A0E3FC28CFAE920074911F /* WaterfallTrueCompositionalLayout in Frameworks */,
			);
			runOnlyForDeploymentPostprocessing = 0;
		};
/* End PBXFrameworksBuildPhase section */

/* Begin PBXGroup section */
		74A0E3D228CFAD7C0074911F = {
			isa = PBXGroup;
			children = (
				74A0E3F728CFADF70074911F /* Packages */,
				74A0E3DD28CFAD7C0074911F /* WaterfallTrueCompositionalLayoutDemo */,
				74A0E3DC28CFAD7C0074911F /* Products */,
				74A0E3FA28CFAE920074911F /* Frameworks */,
			);
			sourceTree = "<group>";
		};
		74A0E3DC28CFAD7C0074911F /* Products */ = {
			isa = PBXGroup;
			children = (
				74A0E3DB28CFAD7C0074911F /* WaterfallTrueCompositionalLayoutDemo.app */,
			);
			name = Products;
			sourceTree = "<group>";
		};
		74A0E3DD28CFAD7C0074911F /* WaterfallTrueCompositionalLayoutDemo */ = {
			isa = PBXGroup;
			children = (
				74A0E40528D8A6A10074911F /* Supporting files */,
				74A0E3FD28CFAEA30074911F /* Resources */,
				74A0E3FE28D8A0B50074911F /* Screen */,
			);
			path = WaterfallTrueCompositionalLayoutDemo;
			sourceTree = "<group>";
		};
		74A0E3F728CFADF70074911F /* Packages */ = {
			isa = PBXGroup;
			children = (
				74A0E3F928CFAE6D0074911F /* WaterfallTrueCompositionalLayout */,
			);
			name = Packages;
			sourceTree = "<group>";
		};
		74A0E3FA28CFAE920074911F /* Frameworks */ = {
			isa = PBXGroup;
			children = (
			);
			name = Frameworks;
			sourceTree = "<group>";
		};
		74A0E3FD28CFAEA30074911F /* Resources */ = {
			isa = PBXGroup;
			children = (
				74A0E3E728CFAD7E0074911F /* Assets.xcassets */,
				74A0E3E928CFAD7E0074911F /* LaunchScreen.storyboard */,
				74A0E3EC28CFAD7E0074911F /* Info.plist */,
			);
			path = Resources;
			sourceTree = "<group>";
		};
		74A0E3FE28D8A0B50074911F /* Screen */ = {
			isa = PBXGroup;
			children = (
				74A0E3E228CFAD7C0074911F /* ViewController.swift */,
				74A0E3FF28D8A1480074911F /* ViewModel.swift */,
				74A0E40128D8A1D60074911F /* ItemModel.swift */,
				74A0E40328D8A28D0074911F /* CollectionViewCell.swift */,
			);
			path = Screen;
			sourceTree = "<group>";
		};
		74A0E40528D8A6A10074911F /* Supporting files */ = {
			isa = PBXGroup;
			children = (
				74A0E40628D8A6BF0074911F /* UIMenu+Picker.swift */,
				74A0E3DE28CFAD7C0074911F /* AppDelegate.swift */,
				74A0E3E028CFAD7C0074911F /* SceneDelegate.swift */,
			);
			path = "Supporting files";
			sourceTree = "<group>";
		};
/* End PBXGroup section */

/* Begin PBXNativeTarget section */
		74A0E3DA28CFAD7C0074911F /* WaterfallTrueCompositionalLayoutDemo */ = {
			isa = PBXNativeTarget;
			buildConfigurationList = 74A0E3EF28CFAD7E0074911F /* Build configuration list for PBXNativeTarget "WaterfallTrueCompositionalLayoutDemo" */;
			buildPhases = (
				74A0E3D728CFAD7C0074911F /* Sources */,
				74A0E3D828CFAD7C0074911F /* Frameworks */,
				74A0E3D928CFAD7C0074911F /* Resources */,
			);
			buildRules = (
			);
			dependencies = (
			);
			name = WaterfallTrueCompositionalLayoutDemo;
			packageProductDependencies = (
				74A0E3FB28CFAE920074911F /* WaterfallTrueCompositionalLayout */,
			);
			productName = WaterfallTrueCompositionalLayoutDemo;
			productReference = 74A0E3DB28CFAD7C0074911F /* WaterfallTrueCompositionalLayoutDemo.app */;
			productType = "com.apple.product-type.application";
		};
/* End PBXNativeTarget section */

/* Begin PBXProject section */
		74A0E3D328CFAD7C0074911F /* Project object */ = {
			isa = PBXProject;
			attributes = {
				BuildIndependentTargetsInParallel = 1;
				LastSwiftUpdateCheck = 1310;
				LastUpgradeCheck = 1310;
				TargetAttributes = {
					74A0E3DA28CFAD7C0074911F = {
						CreatedOnToolsVersion = 13.1;
					};
				};
			};
			buildConfigurationList = 74A0E3D628CFAD7C0074911F /* Build configuration list for PBXProject "WaterfallTrueCompositionalLayoutDemo" */;
			compatibilityVersion = "Xcode 13.0";
			developmentRegion = en;
			hasScannedForEncodings = 0;
			knownRegions = (
				en,
				Base,
			);
			mainGroup = 74A0E3D228CFAD7C0074911F;
			productRefGroup = 74A0E3DC28CFAD7C0074911F /* Products */;
			projectDirPath = "";
			projectRoot = "";
			targets = (
				74A0E3DA28CFAD7C0074911F /* WaterfallTrueCompositionalLayoutDemo */,
			);
		};
/* End PBXProject section */

/* Begin PBXResourcesBuildPhase section */
		74A0E3D928CFAD7C0074911F /* Resources */ = {
			isa = PBXResourcesBuildPhase;
			buildActionMask = 2147483647;
			files = (
				74A0E3EB28CFAD7E0074911F /* LaunchScreen.storyboard in Resources */,
				74A0E3E828CFAD7E0074911F /* Assets.xcassets in Resources */,
			);
			runOnlyForDeploymentPostprocessing = 0;
		};
/* End PBXResourcesBuildPhase section */

/* Begin PBXSourcesBuildPhase section */
		74A0E3D728CFAD7C0074911F /* Sources */ = {
			isa = PBXSourcesBuildPhase;
			buildActionMask = 2147483647;
			files = (
				74A0E40228D8A1D60074911F /* ItemModel.swift in Sources */,
				74A0E40728D8A6BF0074911F /* UIMenu+Picker.swift in Sources */,
				74A0E3E328CFAD7C0074911F /* ViewController.swift in Sources */,
				74A0E40428D8A28D0074911F /* CollectionViewCell.swift in Sources */,
				74A0E3DF28CFAD7C0074911F /* AppDelegate.swift in Sources */,
				74A0E40028D8A1480074911F /* ViewModel.swift in Sources */,
				74A0E3E128CFAD7C0074911F /* SceneDelegate.swift in Sources */,
			);
			runOnlyForDeploymentPostprocessing = 0;
		};
/* End PBXSourcesBuildPhase section */

/* Begin PBXVariantGroup section */
		74A0E3E928CFAD7E0074911F /* LaunchScreen.storyboard */ = {
			isa = PBXVariantGroup;
			children = (
				74A0E3EA28CFAD7E0074911F /* Base */,
			);
			name = LaunchScreen.storyboard;
			sourceTree = "<group>";
		};
/* End PBXVariantGroup section */

/* Begin XCBuildConfiguration section */
		74A0E3ED28CFAD7E0074911F /* Debug */ = {
			isa = XCBuildConfiguration;
			buildSettings = {
				ALWAYS_SEARCH_USER_PATHS = NO;
				CLANG_ANALYZER_NONNULL = YES;
				CLANG_ANALYZER_NUMBER_OBJECT_CONVERSION = YES_AGGRESSIVE;
				CLANG_CXX_LANGUAGE_STANDARD = "gnu++17";
				CLANG_CXX_LIBRARY = "libc++";
				CLANG_ENABLE_MODULES = YES;
				CLANG_ENABLE_OBJC_ARC = YES;
				CLANG_ENABLE_OBJC_WEAK = YES;
				CLANG_WARN_BLOCK_CAPTURE_AUTORELEASING = YES;
				CLANG_WARN_BOOL_CONVERSION = YES;
				CLANG_WARN_COMMA = YES;
				CLANG_WARN_CONSTANT_CONVERSION = YES;
				CLANG_WARN_DEPRECATED_OBJC_IMPLEMENTATIONS = YES;
				CLANG_WARN_DIRECT_OBJC_ISA_USAGE = YES_ERROR;
				CLANG_WARN_DOCUMENTATION_COMMENTS = YES;
				CLANG_WARN_EMPTY_BODY = YES;
				CLANG_WARN_ENUM_CONVERSION = YES;
				CLANG_WARN_INFINITE_RECURSION = YES;
				CLANG_WARN_INT_CONVERSION = YES;
				CLANG_WARN_NON_LITERAL_NULL_CONVERSION = YES;
				CLANG_WARN_OBJC_IMPLICIT_RETAIN_SELF = YES;
				CLANG_WARN_OBJC_LITERAL_CONVERSION = YES;
				CLANG_WARN_OBJC_ROOT_CLASS = YES_ERROR;
				CLANG_WARN_QUOTED_INCLUDE_IN_FRAMEWORK_HEADER = YES;
				CLANG_WARN_RANGE_LOOP_ANALYSIS = YES;
				CLANG_WARN_STRICT_PROTOTYPES = YES;
				CLANG_WARN_SUSPICIOUS_MOVE = YES;
				CLANG_WARN_UNGUARDED_AVAILABILITY = YES_AGGRESSIVE;
				CLANG_WARN_UNREACHABLE_CODE = YES;
				CLANG_WARN__DUPLICATE_METHOD_MATCH = YES;
				COPY_PHASE_STRIP = NO;
				DEBUG_INFORMATION_FORMAT = dwarf;
				ENABLE_STRICT_OBJC_MSGSEND = YES;
				ENABLE_TESTABILITY = YES;
				GCC_C_LANGUAGE_STANDARD = gnu11;
				GCC_DYNAMIC_NO_PIC = NO;
				GCC_NO_COMMON_BLOCKS = YES;
				GCC_OPTIMIZATION_LEVEL = 0;
				GCC_PREPROCESSOR_DEFINITIONS = (
					"DEBUG=1",
					"$(inherited)",
				);
				GCC_WARN_64_TO_32_BIT_CONVERSION = YES;
				GCC_WARN_ABOUT_RETURN_TYPE = YES_ERROR;
				GCC_WARN_UNDECLARED_SELECTOR = YES;
				GCC_WARN_UNINITIALIZED_AUTOS = YES_AGGRESSIVE;
				GCC_WARN_UNUSED_FUNCTION = YES;
				GCC_WARN_UNUSED_VARIABLE = YES;
				IPHONEOS_DEPLOYMENT_TARGET = 15.0;
				MTL_ENABLE_DEBUG_INFO = INCLUDE_SOURCE;
				MTL_FAST_MATH = YES;
				ONLY_ACTIVE_ARCH = YES;
				SDKROOT = iphoneos;
				SWIFT_ACTIVE_COMPILATION_CONDITIONS = DEBUG;
				SWIFT_OPTIMIZATION_LEVEL = "-Onone";
			};
			name = Debug;
		};
		74A0E3EE28CFAD7E0074911F /* Release */ = {
			isa = XCBuildConfiguration;
			buildSettings = {
				ALWAYS_SEARCH_USER_PATHS = NO;
				CLANG_ANALYZER_NONNULL = YES;
				CLANG_ANALYZER_NUMBER_OBJECT_CONVERSION = YES_AGGRESSIVE;
				CLANG_CXX_LANGUAGE_STANDARD = "gnu++17";
				CLANG_CXX_LIBRARY = "libc++";
				CLANG_ENABLE_MODULES = YES;
				CLANG_ENABLE_OBJC_ARC = YES;
				CLANG_ENABLE_OBJC_WEAK = YES;
				CLANG_WARN_BLOCK_CAPTURE_AUTORELEASING = YES;
				CLANG_WARN_BOOL_CONVERSION = YES;
				CLANG_WARN_COMMA = YES;
				CLANG_WARN_CONSTANT_CONVERSION = YES;
				CLANG_WARN_DEPRECATED_OBJC_IMPLEMENTATIONS = YES;
				CLANG_WARN_DIRECT_OBJC_ISA_USAGE = YES_ERROR;
				CLANG_WARN_DOCUMENTATION_COMMENTS = YES;
				CLANG_WARN_EMPTY_BODY = YES;
				CLANG_WARN_ENUM_CONVERSION = YES;
				CLANG_WARN_INFINITE_RECURSION = YES;
				CLANG_WARN_INT_CONVERSION = YES;
				CLANG_WARN_NON_LITERAL_NULL_CONVERSION = YES;
				CLANG_WARN_OBJC_IMPLICIT_RETAIN_SELF = YES;
				CLANG_WARN_OBJC_LITERAL_CONVERSION = YES;
				CLANG_WARN_OBJC_ROOT_CLASS = YES_ERROR;
				CLANG_WARN_QUOTED_INCLUDE_IN_FRAMEWORK_HEADER = YES;
				CLANG_WARN_RANGE_LOOP_ANALYSIS = YES;
				CLANG_WARN_STRICT_PROTOTYPES = YES;
				CLANG_WARN_SUSPICIOUS_MOVE = YES;
				CLANG_WARN_UNGUARDED_AVAILABILITY = YES_AGGRESSIVE;
				CLANG_WARN_UNREACHABLE_CODE = YES;
				CLANG_WARN__DUPLICATE_METHOD_MATCH = YES;
				COPY_PHASE_STRIP = NO;
				DEBUG_INFORMATION_FORMAT = "dwarf-with-dsym";
				ENABLE_NS_ASSERTIONS = NO;
				ENABLE_STRICT_OBJC_MSGSEND = YES;
				GCC_C_LANGUAGE_STANDARD = gnu11;
				GCC_NO_COMMON_BLOCKS = YES;
				GCC_WARN_64_TO_32_BIT_CONVERSION = YES;
				GCC_WARN_ABOUT_RETURN_TYPE = YES_ERROR;
				GCC_WARN_UNDECLARED_SELECTOR = YES;
				GCC_WARN_UNINITIALIZED_AUTOS = YES_AGGRESSIVE;
				GCC_WARN_UNUSED_FUNCTION = YES;
				GCC_WARN_UNUSED_VARIABLE = YES;
				IPHONEOS_DEPLOYMENT_TARGET = 15.0;
				MTL_ENABLE_DEBUG_INFO = NO;
				MTL_FAST_MATH = YES;
				SDKROOT = iphoneos;
				SWIFT_COMPILATION_MODE = wholemodule;
				SWIFT_OPTIMIZATION_LEVEL = "-O";
				VALIDATE_PRODUCT = YES;
			};
			name = Release;
		};
		74A0E3F028CFAD7E0074911F /* Debug */ = {
			isa = XCBuildConfiguration;
			buildSettings = {
				ASSETCATALOG_COMPILER_APPICON_NAME = AppIcon;
				ASSETCATALOG_COMPILER_GLOBAL_ACCENT_COLOR_NAME = AccentColor;
				CODE_SIGN_STYLE = Automatic;
				CURRENT_PROJECT_VERSION = 1;
				DEVELOPMENT_TEAM = 6T42T57GF6;
				GENERATE_INFOPLIST_FILE = YES;
				INFOPLIST_FILE = WaterfallTrueCompositionalLayoutDemo/Resources/Info.plist;
				INFOPLIST_KEY_UIApplicationSupportsIndirectInputEvents = YES;
				INFOPLIST_KEY_UILaunchStoryboardName = LaunchScreen;
				INFOPLIST_KEY_UISupportedInterfaceOrientations_iPad = "UIInterfaceOrientationPortrait UIInterfaceOrientationPortraitUpsideDown UIInterfaceOrientationLandscapeLeft UIInterfaceOrientationLandscapeRight";
				INFOPLIST_KEY_UISupportedInterfaceOrientations_iPhone = "UIInterfaceOrientationPortrait UIInterfaceOrientationLandscapeLeft UIInterfaceOrientationLandscapeRight";
				LD_RUNPATH_SEARCH_PATHS = (
					"$(inherited)",
					"@executable_path/Frameworks",
				);
				MARKETING_VERSION = 1.0;
				PRODUCT_BUNDLE_IDENTIFIER = ru.ee.shishko.WaterfallTrueCompositionalLayoutDemo;
				PRODUCT_NAME = "$(TARGET_NAME)";
				SWIFT_EMIT_LOC_STRINGS = YES;
				SWIFT_VERSION = 5.0;
				TARGETED_DEVICE_FAMILY = "1,2";
			};
			name = Debug;
		};
		74A0E3F128CFAD7E0074911F /* Release */ = {
			isa = XCBuildConfiguration;
			buildSettings = {
				ASSETCATALOG_COMPILER_APPICON_NAME = AppIcon;
				ASSETCATALOG_COMPILER_GLOBAL_ACCENT_COLOR_NAME = AccentColor;
				CODE_SIGN_STYLE = Automatic;
				CURRENT_PROJECT_VERSION = 1;
				DEVELOPMENT_TEAM = 6T42T57GF6;
				GENERATE_INFOPLIST_FILE = YES;
				INFOPLIST_FILE = WaterfallTrueCompositionalLayoutDemo/Resources/Info.plist;
				INFOPLIST_KEY_UIApplicationSupportsIndirectInputEvents = YES;
				INFOPLIST_KEY_UILaunchStoryboardName = LaunchScreen;
				INFOPLIST_KEY_UISupportedInterfaceOrientations_iPad = "UIInterfaceOrientationPortrait UIInterfaceOrientationPortraitUpsideDown UIInterfaceOrientationLandscapeLeft UIInterfaceOrientationLandscapeRight";
				INFOPLIST_KEY_UISupportedInterfaceOrientations_iPhone = "UIInterfaceOrientationPortrait UIInterfaceOrientationLandscapeLeft UIInterfaceOrientationLandscapeRight";
				LD_RUNPATH_SEARCH_PATHS = (
					"$(inherited)",
					"@executable_path/Frameworks",
				);
				MARKETING_VERSION = 1.0;
				PRODUCT_BUNDLE_IDENTIFIER = ru.ee.shishko.WaterfallTrueCompositionalLayoutDemo;
				PRODUCT_NAME = "$(TARGET_NAME)";
				SWIFT_EMIT_LOC_STRINGS = YES;
				SWIFT_VERSION = 5.0;
				TARGETED_DEVICE_FAMILY = "1,2";
			};
			name = Release;
		};
/* End XCBuildConfiguration section */

/* Begin XCConfigurationList section */
		74A0E3D628CFAD7C0074911F /* Build configuration list for PBXProject "WaterfallTrueCompositionalLayoutDemo" */ = {
			isa = XCConfigurationList;
			buildConfigurations = (
				74A0E3ED28CFAD7E0074911F /* Debug */,
				74A0E3EE28CFAD7E0074911F /* Release */,
			);
			defaultConfigurationIsVisible = 0;
			defaultConfigurationName = Release;
		};
		74A0E3EF28CFAD7E0074911F /* Build configuration list for PBXNativeTarget "WaterfallTrueCompositionalLayoutDemo" */ = {
			isa = XCConfigurationList;
			buildConfigurations = (
				74A0E3F028CFAD7E0074911F /* Debug */,
				74A0E3F128CFAD7E0074911F /* Release */,
			);
			defaultConfigurationIsVisible = 0;
			defaultConfigurationName = Release;
		};
/* End XCConfigurationList section */

/* Begin XCSwiftPackageProductDependency section */
		74A0E3FB28CFAE920074911F /* WaterfallTrueCompositionalLayout */ = {
			isa = XCSwiftPackageProductDependency;
			productName = WaterfallTrueCompositionalLayout;
		};
/* End XCSwiftPackageProductDependency section */
	};
	rootObject = 74A0E3D328CFAD7C0074911F /* Project object */;
}
